// !$*UTF8*$!
{
	archiveVersion = 1;
	classes = {
	};
	objectVersion = 48;
	objects = {

/* Begin PBXBuildFile section */
		8EDBE2A92076DF4E00D9CDC1 /* AppDelegate.swift in Sources */ = {isa = PBXBuildFile; fileRef = 8EDBE2A82076DF4E00D9CDC1 /* AppDelegate.swift */; };
		8EDBE2AB2076DF4E00D9CDC1 /* ViewController.swift in Sources */ = {isa = PBXBuildFile; fileRef = 8EDBE2AA2076DF4E00D9CDC1 /* ViewController.swift */; };
		8EDBE2AE2076DF4E00D9CDC1 /* Main.storyboard in Resources */ = {isa = PBXBuildFile; fileRef = 8EDBE2AC2076DF4E00D9CDC1 /* Main.storyboard */; };
		8EDBE2B02076DF4E00D9CDC1 /* Assets.xcassets in Resources */ = {isa = PBXBuildFile; fileRef = 8EDBE2AF2076DF4E00D9CDC1 /* Assets.xcassets */; };
		8EDBE2B32076DF4E00D9CDC1 /* LaunchScreen.storyboard in Resources */ = {isa = PBXBuildFile; fileRef = 8EDBE2B12076DF4E00D9CDC1 /* LaunchScreen.storyboard */; };
		8EDBE2BD2076E04800D9CDC1 /* img-top-background@2x.jpg in Resources */ = {isa = PBXBuildFile; fileRef = 8EDBE2BC2076E04800D9CDC1 /* img-top-background@2x.jpg */; };
		8EDBE2BF2076E06100D9CDC1 /* iPhone.png in Resources */ = {isa = PBXBuildFile; fileRef = 8EDBE2BE2076E06100D9CDC1 /* iPhone.png */; };
		8EDBE2CB2076E08300D9CDC1 /* icn-switch@3x.png in Resources */ = {isa = PBXBuildFile; fileRef = 8EDBE2C02076E08100D9CDC1 /* icn-switch@3x.png */; };
		8EDBE2CC2076E08300D9CDC1 /* icn-facebook@2x.png in Resources */ = {isa = PBXBuildFile; fileRef = 8EDBE2C12076E08100D9CDC1 /* icn-facebook@2x.png */; };
		8EDBE2CD2076E08300D9CDC1 /* icn-switch@2x.png in Resources */ = {isa = PBXBuildFile; fileRef = 8EDBE2C22076E08100D9CDC1 /* icn-switch@2x.png */; };
		8EDBE2CE2076E08300D9CDC1 /* icn-twitter@3x.png in Resources */ = {isa = PBXBuildFile; fileRef = 8EDBE2C32076E08100D9CDC1 /* icn-twitter@3x.png */; };
		8EDBE2CF2076E08300D9CDC1 /* img-profile-2@3x.png in Resources */ = {isa = PBXBuildFile; fileRef = 8EDBE2C42076E08100D9CDC1 /* img-profile-2@3x.png */; };
		8EDBE2D02076E08300D9CDC1 /* img-profile-2@2x.png in Resources */ = {isa = PBXBuildFile; fileRef = 8EDBE2C52076E08200D9CDC1 /* img-profile-2@2x.png */; };
		8EDBE2D12076E08300D9CDC1 /* img-profile@2x.png in Resources */ = {isa = PBXBuildFile; fileRef = 8EDBE2C62076E08200D9CDC1 /* img-profile@2x.png */; };
		8EDBE2D22076E08300D9CDC1 /* icn-twitter@2x.png in Resources */ = {isa = PBXBuildFile; fileRef = 8EDBE2C72076E08200D9CDC1 /* icn-twitter@2x.png */; };
		8EDBE2D32076E08300D9CDC1 /* img-profile@3x.png in Resources */ = {isa = PBXBuildFile; fileRef = 8EDBE2C82076E08200D9CDC1 /* img-profile@3x.png */; };
		8EDBE2D42076E08300D9CDC1 /* img-top-background@3x.jpg in Resources */ = {isa = PBXBuildFile; fileRef = 8EDBE2C92076E08200D9CDC1 /* img-top-background@3x.jpg */; };
		8EDBE2D52076E08300D9CDC1 /* icn-facebook@3x.png in Resources */ = {isa = PBXBuildFile; fileRef = 8EDBE2CA2076E08200D9CDC1 /* icn-facebook@3x.png */; };
/* End PBXBuildFile section */

/* Begin PBXFileReference section */
		8EDBE2A52076DF4E00D9CDC1 /* walterwhite.app */ = {isa = PBXFileReference; explicitFileType = wrapper.application; includeInIndex = 0; path = walterwhite.app; sourceTree = BUILT_PRODUCTS_DIR; };
		8EDBE2A82076DF4E00D9CDC1 /* AppDelegate.swift */ = {isa = PBXFileReference; lastKnownFileType = sourcecode.swift; path = AppDelegate.swift; sourceTree = "<group>"; };
		8EDBE2AA2076DF4E00D9CDC1 /* ViewController.swift */ = {isa = PBXFileReference; lastKnownFileType = sourcecode.swift; path = ViewController.swift; sourceTree = "<group>"; };
		8EDBE2AD2076DF4E00D9CDC1 /* Base */ = {isa = PBXFileReference; lastKnownFileType = file.storyboard; name = Base; path = Base.lproj/Main.storyboard; sourceTree = "<group>"; };
		8EDBE2AF2076DF4E00D9CDC1 /* Assets.xcassets */ = {isa = PBXFileReference; lastKnownFileType = folder.assetcatalog; path = Assets.xcassets; sourceTree = "<group>"; };
		8EDBE2B22076DF4E00D9CDC1 /* Base */ = {isa = PBXFileReference; lastKnownFileType = file.storyboard; name = Base; path = Base.lproj/LaunchScreen.storyboard; sourceTree = "<group>"; };
		8EDBE2B42076DF4E00D9CDC1 /* Info.plist */ = {isa = PBXFileReference; lastKnownFileType = text.plist.xml; path = Info.plist; sourceTree = "<group>"; };
		8EDBE2BC2076E04800D9CDC1 /* img-top-background@2x.jpg */ = {isa = PBXFileReference; lastKnownFileType = image.jpeg; name = "img-top-background@2x.jpg"; path = "Ejercicio Autolayout/Autolayout-Assets/img-top-background@2x.jpg"; sourceTree = SOURCE_ROOT; };
		8EDBE2BE2076E06100D9CDC1 /* iPhone.png */ = {isa = PBXFileReference; lastKnownFileType = image.png; name = iPhone.png; path = "Ejercicio Autolayout/iPhone.png"; sourceTree = SOURCE_ROOT; };
		8EDBE2C02076E08100D9CDC1 /* icn-switch@3x.png */ = {isa = PBXFileReference; lastKnownFileType = image.png; name = "icn-switch@3x.png"; path = "Ejercicio Autolayout/Autolayout-Assets/icn-switch@3x.png"; sourceTree = SOURCE_ROOT; };
		8EDBE2C12076E08100D9CDC1 /* icn-facebook@2x.png */ = {isa = PBXFileReference; lastKnownFileType = image.png; name = "icn-facebook@2x.png"; path = "Ejercicio Autolayout/Autolayout-Assets/icn-facebook@2x.png"; sourceTree = SOURCE_ROOT; };
		8EDBE2C22076E08100D9CDC1 /* icn-switch@2x.png */ = {isa = PBXFileReference; lastKnownFileType = image.png; name = "icn-switch@2x.png"; path = "Ejercicio Autolayout/Autolayout-Assets/icn-switch@2x.png"; sourceTree = SOURCE_ROOT; };
		8EDBE2C32076E08100D9CDC1 /* icn-twitter@3x.png */ = {isa = PBXFileReference; lastKnownFileType = image.png; name = "icn-twitter@3x.png"; path = "Ejercicio Autolayout/Autolayout-Assets/icn-twitter@3x.png"; sourceTree = SOURCE_ROOT; };
		8EDBE2C42076E08100D9CDC1 /* img-profile-2@3x.png */ = {isa = PBXFileReference; lastKnownFileType = image.png; name = "img-profile-2@3x.png"; path = "Ejercicio Autolayout/Autolayout-Assets/img-profile-2@3x.png"; sourceTree = SOURCE_ROOT; };
		8EDBE2C52076E08200D9CDC1 /* img-profile-2@2x.png */ = {isa = PBXFileReference; lastKnownFileType = image.png; name = "img-profile-2@2x.png"; path = "Ejercicio Autolayout/Autolayout-Assets/img-profile-2@2x.png"; sourceTree = SOURCE_ROOT; };
		8EDBE2C62076E08200D9CDC1 /* img-profile@2x.png */ = {isa = PBXFileReference; lastKnownFileType = image.png; name = "img-profile@2x.png"; path = "Ejercicio Autolayout/Autolayout-Assets/img-profile@2x.png"; sourceTree = SOURCE_ROOT; };
		8EDBE2C72076E08200D9CDC1 /* icn-twitter@2x.png */ = {isa = PBXFileReference; lastKnownFileType = image.png; name = "icn-twitter@2x.png"; path = "Ejercicio Autolayout/Autolayout-Assets/icn-twitter@2x.png"; sourceTree = SOURCE_ROOT; };
		8EDBE2C82076E08200D9CDC1 /* img-profile@3x.png */ = {isa = PBXFileReference; lastKnownFileType = image.png; name = "img-profile@3x.png"; path = "Ejercicio Autolayout/Autolayout-Assets/img-profile@3x.png"; sourceTree = SOURCE_ROOT; };
		8EDBE2C92076E08200D9CDC1 /* img-top-background@3x.jpg */ = {isa = PBXFileReference; lastKnownFileType = image.jpeg; name = "img-top-background@3x.jpg"; path = "Ejercicio Autolayout/Autolayout-Assets/img-top-background@3x.jpg"; sourceTree = SOURCE_ROOT; };
		8EDBE2CA2076E08200D9CDC1 /* icn-facebook@3x.png */ = {isa = PBXFileReference; lastKnownFileType = image.png; name = "icn-facebook@3x.png"; path = "Ejercicio Autolayout/Autolayout-Assets/icn-facebook@3x.png"; sourceTree = SOURCE_ROOT; };
/* End PBXFileReference section */

/* Begin PBXFrameworksBuildPhase section */
		8EDBE2A22076DF4E00D9CDC1 /* Frameworks */ = {
			isa = PBXFrameworksBuildPhase;
			buildActionMask = 2147483647;
			files = (
			);
			runOnlyForDeploymentPostprocessing = 0;
		};
/* End PBXFrameworksBuildPhase section */

/* Begin PBXGroup section */
		8EDBE29C2076DF4E00D9CDC1 = {
			isa = PBXGroup;
			children = (
				8EDBE2A72076DF4E00D9CDC1 /* walterwhite */,
				8EDBE2A62076DF4E00D9CDC1 /* Products */,
			);
			sourceTree = "<group>";
		};
		8EDBE2A62076DF4E00D9CDC1 /* Products */ = {
			isa = PBXGroup;
			children = (
				8EDBE2A52076DF4E00D9CDC1 /* walterwhite.app */,
			);
			name = Products;
			sourceTree = "<group>";
		};
		8EDBE2A72076DF4E00D9CDC1 /* walterwhite */ = {
			isa = PBXGroup;
			children = (
				8EDBE2C12076E08100D9CDC1 /* icn-facebook@2x.png */,
				8EDBE2CA2076E08200D9CDC1 /* icn-facebook@3x.png */,
				8EDBE2C22076E08100D9CDC1 /* icn-switch@2x.png */,
				8EDBE2C02076E08100D9CDC1 /* icn-switch@3x.png */,
				8EDBE2C72076E08200D9CDC1 /* icn-twitter@2x.png */,
				8EDBE2C32076E08100D9CDC1 /* icn-twitter@3x.png */,
				8EDBE2C52076E08200D9CDC1 /* img-profile-2@2x.png */,
				8EDBE2C42076E08100D9CDC1 /* img-profile-2@3x.png */,
				8EDBE2C62076E08200D9CDC1 /* img-profile@2x.png */,
				8EDBE2C82076E08200D9CDC1 /* img-profile@3x.png */,
				8EDBE2C92076E08200D9CDC1 /* img-top-background@3x.jpg */,
				8EDBE2BE2076E06100D9CDC1 /* iPhone.png */,
				8EDBE2BC2076E04800D9CDC1 /* img-top-background@2x.jpg */,
				8EDBE2A82076DF4E00D9CDC1 /* AppDelegate.swift */,
				8EDBE2AA2076DF4E00D9CDC1 /* ViewController.swift */,
				8EDBE2AC2076DF4E00D9CDC1 /* Main.storyboard */,
				8EDBE2AF2076DF4E00D9CDC1 /* Assets.xcassets */,
				8EDBE2B12076DF4E00D9CDC1 /* LaunchScreen.storyboard */,
				8EDBE2B42076DF4E00D9CDC1 /* Info.plist */,
			);
			path = walterwhite;
			sourceTree = "<group>";
		};
/* End PBXGroup section */

/* Begin PBXNativeTarget section */
		8EDBE2A42076DF4E00D9CDC1 /* walterwhite */ = {
			isa = PBXNativeTarget;
			buildConfigurationList = 8EDBE2B72076DF4E00D9CDC1 /* Build configuration list for PBXNativeTarget "walterwhite" */;
			buildPhases = (
				8EDBE2A12076DF4E00D9CDC1 /* Sources */,
				8EDBE2A22076DF4E00D9CDC1 /* Frameworks */,
				8EDBE2A32076DF4E00D9CDC1 /* Resources */,
			);
			buildRules = (
			);
			dependencies = (
			);
			name = walterwhite;
			productName = walterwhite;
			productReference = 8EDBE2A52076DF4E00D9CDC1 /* walterwhite.app */;
			productType = "com.apple.product-type.application";
		};
/* End PBXNativeTarget section */

/* Begin PBXProject section */
		8EDBE29D2076DF4E00D9CDC1 /* Project object */ = {
			isa = PBXProject;
			attributes = {
				LastSwiftUpdateCheck = 0920;
				LastUpgradeCheck = 0920;
				ORGANIZATIONNAME = "Apple Inc.";
				TargetAttributes = {
					8EDBE2A42076DF4E00D9CDC1 = {
						CreatedOnToolsVersion = 9.2;
						ProvisioningStyle = Automatic;
					};
				};
			};
			buildConfigurationList = 8EDBE2A02076DF4E00D9CDC1 /* Build configuration list for PBXProject "walterwhite" */;
			compatibilityVersion = "Xcode 8.0";
			developmentRegion = en;
			hasScannedForEncodings = 0;
			knownRegions = (
				en,
				Base,
			);
			mainGroup = 8EDBE29C2076DF4E00D9CDC1;
			productRefGroup = 8EDBE2A62076DF4E00D9CDC1 /* Products */;
			projectDirPath = "";
			projectRoot = "";
			targets = (
				8EDBE2A42076DF4E00D9CDC1 /* walterwhite */,
			);
		};
/* End PBXProject section */

/* Begin PBXResourcesBuildPhase section */
		8EDBE2A32076DF4E00D9CDC1 /* Resources */ = {
			isa = PBXResourcesBuildPhase;
			buildActionMask = 2147483647;
			files = (
				8EDBE2CB2076E08300D9CDC1 /* icn-switch@3x.png in Resources */,
				8EDBE2D02076E08300D9CDC1 /* img-profile-2@2x.png in Resources */,
				8EDBE2D52076E08300D9CDC1 /* icn-facebook@3x.png in Resources */,
				8EDBE2BF2076E06100D9CDC1 /* iPhone.png in Resources */,
				8EDBE2CF2076E08300D9CDC1 /* img-profile-2@3x.png in Resources */,
				8EDBE2BD2076E04800D9CDC1 /* img-top-background@2x.jpg in Resources */,
				8EDBE2CE2076E08300D9CDC1 /* icn-twitter@3x.png in Resources */,
				8EDBE2D22076E08300D9CDC1 /* icn-twitter@2x.png in Resources */,
				8EDBE2B32076DF4E00D9CDC1 /* LaunchScreen.storyboard in Resources */,
				8EDBE2B02076DF4E00D9CDC1 /* Assets.xcassets in Resources */,
				8EDBE2CC2076E08300D9CDC1 /* icn-facebook@2x.png in Resources */,
				8EDBE2AE2076DF4E00D9CDC1 /* Main.storyboard in Resources */,
				8EDBE2D12076E08300D9CDC1 /* img-profile@2x.png in Resources */,
				8EDBE2D42076E08300D9CDC1 /* img-top-background@3x.jpg in Resources */,
				8EDBE2CD2076E08300D9CDC1 /* icn-switch@2x.png in Resources */,
				8EDBE2D32076E08300D9CDC1 /* img-profile@3x.png in Resources */,
			);
			runOnlyForDeploymentPostprocessing = 0;
		};
/* End PBXResourcesBuildPhase section */

/* Begin PBXSourcesBuildPhase section */
		8EDBE2A12076DF4E00D9CDC1 /* Sources */ = {
			isa = PBXSourcesBuildPhase;
			buildActionMask = 2147483647;
			files = (
				8EDBE2AB2076DF4E00D9CDC1 /* ViewController.swift in Sources */,
				8EDBE2A92076DF4E00D9CDC1 /* AppDelegate.swift in Sources */,
			);
			runOnlyForDeploymentPostprocessing = 0;
		};
/* End PBXSourcesBuildPhase section */

/* Begin PBXVariantGroup section */
		8EDBE2AC2076DF4E00D9CDC1 /* Main.storyboard */ = {
			isa = PBXVariantGroup;
			children = (
				8EDBE2AD2076DF4E00D9CDC1 /* Base */,
			);
			name = Main.storyboard;
			sourceTree = "<group>";
		};
		8EDBE2B12076DF4E00D9CDC1 /* LaunchScreen.storyboard */ = {
			isa = PBXVariantGroup;
			children = (
				8EDBE2B22076DF4E00D9CDC1 /* Base */,
			);
			name = LaunchScreen.storyboard;
			sourceTree = "<group>";
		};
/* End PBXVariantGroup section */

/* Begin XCBuildConfiguration section */
		8EDBE2B52076DF4E00D9CDC1 /* Debug */ = {
			isa = XCBuildConfiguration;
			buildSettings = {
				ALWAYS_SEARCH_USER_PATHS = NO;
				CLANG_ANALYZER_NONNULL = YES;
				CLANG_ANALYZER_NUMBER_OBJECT_CONVERSION = YES_AGGRESSIVE;
				CLANG_CXX_LANGUAGE_STANDARD = "gnu++14";
				CLANG_CXX_LIBRARY = "libc++";
				CLANG_ENABLE_MODULES = YES;
				CLANG_ENABLE_OBJC_ARC = YES;
				CLANG_WARN_BLOCK_CAPTURE_AUTORELEASING = YES;
				CLANG_WARN_BOOL_CONVERSION = YES;
				CLANG_WARN_COMMA = YES;
				CLANG_WARN_CONSTANT_CONVERSION = YES;
				CLANG_WARN_DIRECT_OBJC_ISA_USAGE = YES_ERROR;
				CLANG_WARN_DOCUMENTATION_COMMENTS = YES;
				CLANG_WARN_EMPTY_BODY = YES;
				CLANG_WARN_ENUM_CONVERSION = YES;
				CLANG_WARN_INFINITE_RECURSION = YES;
				CLANG_WARN_INT_CONVERSION = YES;
				CLANG_WARN_NON_LITERAL_NULL_CONVERSION = YES;
				CLANG_WARN_OBJC_LITERAL_CONVERSION = YES;
				CLANG_WARN_OBJC_ROOT_CLASS = YES_ERROR;
				CLANG_WARN_RANGE_LOOP_ANALYSIS = YES;
				CLANG_WARN_STRICT_PROTOTYPES = YES;
				CLANG_WARN_SUSPICIOUS_MOVE = YES;
				CLANG_WARN_UNGUARDED_AVAILABILITY = YES_AGGRESSIVE;
				CLANG_WARN_UNREACHABLE_CODE = YES;
				CLANG_WARN__DUPLICATE_METHOD_MATCH = YES;
				CODE_SIGN_IDENTITY = "iPhone Developer";
				COPY_PHASE_STRIP = NO;
				DEBUG_INFORMATION_FORMAT = dwarf;
				ENABLE_STRICT_OBJC_MSGSEND = YES;
				ENABLE_TESTABILITY = YES;
				GCC_C_LANGUAGE_STANDARD = gnu11;
				GCC_DYNAMIC_NO_PIC = NO;
				GCC_NO_COMMON_BLOCKS = YES;
				GCC_OPTIMIZATION_LEVEL = 0;
				GCC_PREPROCESSOR_DEFINITIONS = (
					"DEBUG=1",
					"$(inherited)",
				);
				GCC_WARN_64_TO_32_BIT_CONVERSION = YES;
				GCC_WARN_ABOUT_RETURN_TYPE = YES_ERROR;
				GCC_WARN_UNDECLARED_SELECTOR = YES;
				GCC_WARN_UNINITIALIZED_AUTOS = YES_AGGRESSIVE;
				GCC_WARN_UNUSED_FUNCTION = YES;
				GCC_WARN_UNUSED_VARIABLE = YES;
				IPHONEOS_DEPLOYMENT_TARGET = 11.2;
				MTL_ENABLE_DEBUG_INFO = YES;
				ONLY_ACTIVE_ARCH = YES;
				SDKROOT = iphoneos;
				SWIFT_ACTIVE_COMPILATION_CONDITIONS = DEBUG;
				SWIFT_OPTIMIZATION_LEVEL = "-Onone";
			};
			name = Debug;
		};
		8EDBE2B62076DF4E00D9CDC1 /* Release */ = {
			isa = XCBuildConfiguration;
			buildSettings = {
				ALWAYS_SEARCH_USER_PATHS = NO;
				CLANG_ANALYZER_NONNULL = YES;
				CLANG_ANALYZER_NUMBER_OBJECT_CONVERSION = YES_AGGRESSIVE;
				CLANG_CXX_LANGUAGE_STANDARD = "gnu++14";
				CLANG_CXX_LIBRARY = "libc++";
				CLANG_ENABLE_MODULES = YES;
				CLANG_ENABLE_OBJC_ARC = YES;
				CLANG_WARN_BLOCK_CAPTURE_AUTORELEASING = YES;
				CLANG_WARN_BOOL_CONVERSION = YES;
				CLANG_WARN_COMMA = YES;
				CLANG_WARN_CONSTANT_CONVERSION = YES;
				CLANG_WARN_DIRECT_OBJC_ISA_USAGE = YES_ERROR;
				CLANG_WARN_DOCUMENTATION_COMMENTS = YES;
				CLANG_WARN_EMPTY_BODY = YES;
				CLANG_WARN_ENUM_CONVERSION = YES;
				CLANG_WARN_INFINITE_RECURSION = YES;
				CLANG_WARN_INT_CONVERSION = YES;
				CLANG_WARN_NON_LITERAL_NULL_CONVERSION = YES;
				CLANG_WARN_OBJC_LITERAL_CONVERSION = YES;
				CLANG_WARN_OBJC_ROOT_CLASS = YES_ERROR;
				CLANG_WARN_RANGE_LOOP_ANALYSIS = YES;
				CLANG_WARN_STRICT_PROTOTYPES = YES;
				CLANG_WARN_SUSPICIOUS_MOVE = YES;
				CLANG_WARN_UNGUARDED_AVAILABILITY = YES_AGGRESSIVE;
				CLANG_WARN_UNREACHABLE_CODE = YES;
				CLANG_WARN__DUPLICATE_METHOD_MATCH = YES;
				CODE_SIGN_IDENTITY = "iPhone Developer";
				COPY_PHASE_STRIP = NO;
				DEBUG_INFORMATION_FORMAT = "dwarf-with-dsym";
				ENABLE_NS_ASSERTIONS = NO;
				ENABLE_STRICT_OBJC_MSGSEND = YES;
				GCC_C_LANGUAGE_STANDARD = gnu11;
				GCC_NO_COMMON_BLOCKS = YES;
				GCC_WARN_64_TO_32_BIT_CONVERSION = YES;
				GCC_WARN_ABOUT_RETURN_TYPE = YES_ERROR;
				GCC_WARN_UNDECLARED_SELECTOR = YES;
				GCC_WARN_UNINITIALIZED_AUTOS = YES_AGGRESSIVE;
				GCC_WARN_UNUSED_FUNCTION = YES;
				GCC_WARN_UNUSED_VARIABLE = YES;
				IPHONEOS_DEPLOYMENT_TARGET = 11.2;
				MTL_ENABLE_DEBUG_INFO = NO;
				SDKROOT = iphoneos;
				SWIFT_OPTIMIZATION_LEVEL = "-Owholemodule";
				VALIDATE_PRODUCT = YES;
			};
			name = Release;
		};
		8EDBE2B82076DF4E00D9CDC1 /* Debug */ = {
			isa = XCBuildConfiguration;
			buildSettings = {
				ASSETCATALOG_COMPILER_APPICON_NAME = AppIcon;
				CODE_SIGN_STYLE = Automatic;
				INFOPLIST_FILE = walterwhite/Info.plist;
				LD_RUNPATH_SEARCH_PATHS = "$(inherited) @executable_path/Frameworks";
				PRODUCT_BUNDLE_IDENTIFIER = com.jfk.walterwhite;
				PRODUCT_NAME = "$(TARGET_NAME)";
				SWIFT_VERSION = 4.0;
				TARGETED_DEVICE_FAMILY = "1,2";
			};
			name = Debug;
		};
		8EDBE2B92076DF4E00D9CDC1 /* Release */ = {
			isa = XCBuildConfiguration;
			buildSettings = {
				ASSETCATALOG_COMPILER_APPICON_NAME = AppIcon;
				CODE_SIGN_STYLE = Automatic;
				INFOPLIST_FILE = walterwhite/Info.plist;
				LD_RUNPATH_SEARCH_PATHS = "$(inherited) @executable_path/Frameworks";
				PRODUCT_BUNDLE_IDENTIFIER = com.jfk.walterwhite;
				PRODUCT_NAME = "$(TARGET_NAME)";
				SWIFT_VERSION = 4.0;
				TARGETED_DEVICE_FAMILY = "1,2";
			};
			name = Release;
		};
/* End XCBuildConfiguration section */

/* Begin XCConfigurationList section */
		8EDBE2A02076DF4E00D9CDC1 /* Build configuration list for PBXProject "walterwhite" */ = {
			isa = XCConfigurationList;
			buildConfigurations = (
				8EDBE2B52076DF4E00D9CDC1 /* Debug */,
				8EDBE2B62076DF4E00D9CDC1 /* Release */,
			);
			defaultConfigurationIsVisible = 0;
			defaultConfigurationName = Release;
		};
		8EDBE2B72076DF4E00D9CDC1 /* Build configuration list for PBXNativeTarget "walterwhite" */ = {
			isa = XCConfigurationList;
			buildConfigurations = (
				8EDBE2B82076DF4E00D9CDC1 /* Debug */,
				8EDBE2B92076DF4E00D9CDC1 /* Release */,
			);
			defaultConfigurationIsVisible = 0;
			defaultConfigurationName = Release;
		};
/* End XCConfigurationList section */
	};
	rootObject = 8EDBE29D2076DF4E00D9CDC1 /* Project object */;
}
